# THIS IS AN AUTOGENERATED FILE. DO NOT EDIT THIS FILE DIRECTLY.
# yarn lockfile v1


ton-compiler@^0.6.0:
  version "0.6.0"
  resolved "https://registry.yarnpkg.com/ton-compiler/-/ton-compiler-0.6.0.tgz#d45458a2424be8bce836d326783f2e98b247560c"
  integrity sha512-fh9Z/1jRsqjNoVKPCV7Jfu61NMblIQmwgV0OWKiPQyW/KOoCsXpTgMwaQdvs7DUNEZheEbUiFEAb8uTDcFkrWw==
